// !$*UTF8*$!
{
	archiveVersion = 1;
	classes = {
	};
	objectVersion = 54;
	objects = {

/* Begin PBXBuildFile section */
		286D6A96645E4DF4C17666DF /* DataStructureCell.swift in Sources */ = {isa = PBXBuildFile; fileRef = 6588C6A2FA85C57E182CC931 /* DataStructureCell.swift */; };
		376567F9E0BE9864566D692A /* Assets.xcassets in Resources */ = {isa = PBXBuildFile; fileRef = C2146F0980C7057C3F6A9D42 /* Assets.xcassets */; };
		415107C221BB120844AE1EC1 /* VisualizationManager.swift in Sources */ = {isa = PBXBuildFile; fileRef = E94C9F12C9A730D177B5071D /* VisualizationManager.swift */; };
		489B066DC88B0A4F8CD85C97 /* GameProgressionManager.swift in Sources */ = {isa = PBXBuildFile; fileRef = FF8C0B43B5FEA91A92A79830 /* GameProgressionManager.swift */; };
		53F07FBE8D2C85BF67CBADC9 /* DataStructureView.swift in Sources */ = {isa = PBXBuildFile; fileRef = 777EBBAD80A3D3B0EFFF97DF /* DataStructureView.swift */; };
		72EC2FDE3B48CF7654E47610 /* DataStructureLayout.swift in Sources */ = {isa = PBXBuildFile; fileRef = 20D3529BFA77BB99EAEFF27D /* DataStructureLayout.swift */; };
		86B1D36C655882E2A7508E28 /* levels.json in Resources */ = {isa = PBXBuildFile; fileRef = 205823DB7D12711143EBA2AE /* levels.json */; };
		8A90F04D9D642B3C8606FAEE /* ContentView.swift in Sources */ = {isa = PBXBuildFile; fileRef = 257A165A598AFFA2D57D3FDB /* ContentView.swift */; };
		9E87676D08A9CBD7A0E0F2EE /* LevelData.swift in Sources */ = {isa = PBXBuildFile; fileRef = B4705BC152C2EE6DBB054CFF /* LevelData.swift */; };
		A2C1C8E442CAA381B831B86A /* Persistence.swift in Sources */ = {isa = PBXBuildFile; fileRef = 610D09BE7F8D048B1991A1B8 /* Persistence.swift */; };
		A44380C3ED5D12332288D555 /* DataStructureConnection.swift in Sources */ = {isa = PBXBuildFile; fileRef = 04A1B432733E5A6F722AEC38 /* DataStructureConnection.swift */; };
		A7594A144A5C6BF2B8C0142C /* VisualizationQuestion.swift in Sources */ = {isa = PBXBuildFile; fileRef = DC5634AD12888DDEA478554E /* VisualizationQuestion.swift */; };
		B15E0F6AE1D9FCFC406A254D /* Preview Assets.xcassets in Resources */ = {isa = PBXBuildFile; fileRef = 9745136C129AD6FD27A1CCB6 /* Preview Assets.xcassets */; };
		B540F3C6E94F631FB6B2C606 /* DSAGame.xcdatamodeld in Sources */ = {isa = PBXBuildFile; fileRef = CDD917C12E442A0B0A48BD6D /* DSAGame.xcdatamodeld */; };
		CBEFE0EB51BBEEBA37DF3ADC /* LevelDetailView.swift in Sources */ = {isa = PBXBuildFile; fileRef = 54DE96D5797E5855965CDE5D /* LevelDetailView.swift */; };
		CEC1F6CE656F39CDD46847ED /* CodeVisualization.swift in Sources */ = {isa = PBXBuildFile; fileRef = F393FC6C2408C0A109BBFFC1 /* CodeVisualization.swift */; };
		FEC6D4C7E70E7023F889FB25 /* DSAgameApp.swift in Sources */ = {isa = PBXBuildFile; fileRef = 49CB2842E3F8DFDFE09C29AE /* DSAgameApp.swift */; };
/* End PBXBuildFile section */

/* Begin PBXFileReference section */
		04A1B432733E5A6F722AEC38 /* DataStructureConnection.swift */ = {isa = PBXFileReference; lastKnownFileType = sourcecode.swift; path = DataStructureConnection.swift; sourceTree = "<group>"; };
		1CE62A769532B6EBE9D8FFA4 /* DSAGame.xcdatamodel */ = {isa = PBXFileReference; lastKnownFileType = wrapper.xcdatamodel; path = DSAGame.xcdatamodel; sourceTree = "<group>"; };
		205823DB7D12711143EBA2AE /* levels.json */ = {isa = PBXFileReference; lastKnownFileType = text.json; path = levels.json; sourceTree = "<group>"; };
		20D3529BFA77BB99EAEFF27D /* DataStructureLayout.swift */ = {isa = PBXFileReference; lastKnownFileType = sourcecode.swift; path = DataStructureLayout.swift; sourceTree = "<group>"; };
		257A165A598AFFA2D57D3FDB /* ContentView.swift */ = {isa = PBXFileReference; lastKnownFileType = sourcecode.swift; path = ContentView.swift; sourceTree = "<group>"; };
		49CB2842E3F8DFDFE09C29AE /* DSAgameApp.swift */ = {isa = PBXFileReference; lastKnownFileType = sourcecode.swift; path = DSAgameApp.swift; sourceTree = "<group>"; };
		54DE96D5797E5855965CDE5D /* LevelDetailView.swift */ = {isa = PBXFileReference; lastKnownFileType = sourcecode.swift; path = LevelDetailView.swift; sourceTree = "<group>"; };
		610D09BE7F8D048B1991A1B8 /* Persistence.swift */ = {isa = PBXFileReference; lastKnownFileType = sourcecode.swift; path = Persistence.swift; sourceTree = "<group>"; };
		6588C6A2FA85C57E182CC931 /* DataStructureCell.swift */ = {isa = PBXFileReference; lastKnownFileType = sourcecode.swift; path = DataStructureCell.swift; sourceTree = "<group>"; };
		777EBBAD80A3D3B0EFFF97DF /* DataStructureView.swift */ = {isa = PBXFileReference; lastKnownFileType = sourcecode.swift; path = DataStructureView.swift; sourceTree = "<group>"; };
		784243AA1B71FCA929412DF5 /* DSAgame.app */ = {isa = PBXFileReference; includeInIndex = 0; lastKnownFileType = wrapper.application; path = DSAgame.app; sourceTree = BUILT_PRODUCTS_DIR; };
		9745136C129AD6FD27A1CCB6 /* Preview Assets.xcassets */ = {isa = PBXFileReference; lastKnownFileType = folder.assetcatalog; path = "Preview Assets.xcassets"; sourceTree = "<group>"; };
		B4705BC152C2EE6DBB054CFF /* LevelData.swift */ = {isa = PBXFileReference; lastKnownFileType = sourcecode.swift; path = LevelData.swift; sourceTree = "<group>"; };
		C2146F0980C7057C3F6A9D42 /* Assets.xcassets */ = {isa = PBXFileReference; lastKnownFileType = folder.assetcatalog; path = Assets.xcassets; sourceTree = "<group>"; };
		DC5634AD12888DDEA478554E /* VisualizationQuestion.swift */ = {isa = PBXFileReference; lastKnownFileType = sourcecode.swift; path = VisualizationQuestion.swift; sourceTree = "<group>"; };
		E94C9F12C9A730D177B5071D /* VisualizationManager.swift */ = {isa = PBXFileReference; lastKnownFileType = sourcecode.swift; path = VisualizationManager.swift; sourceTree = "<group>"; };
		F35EB888349D77B86712E33A /* Info.plist */ = {isa = PBXFileReference; lastKnownFileType = text.plist; path = Info.plist; sourceTree = "<group>"; };
		F393FC6C2408C0A109BBFFC1 /* CodeVisualization.swift */ = {isa = PBXFileReference; lastKnownFileType = sourcecode.swift; path = CodeVisualization.swift; sourceTree = "<group>"; };
		FF8C0B43B5FEA91A92A79830 /* GameProgressionManager.swift */ = {isa = PBXFileReference; lastKnownFileType = sourcecode.swift; path = GameProgressionManager.swift; sourceTree = "<group>"; };
/* End PBXFileReference section */

/* Begin PBXGroup section */
		4B6E90C529C3F0E6CA7CACDB /* Views */ = {
			isa = PBXGroup;
			children = (
				777EBBAD80A3D3B0EFFF97DF /* DataStructureView.swift */,
				54DE96D5797E5855965CDE5D /* LevelDetailView.swift */,
			);
			path = Views;
			sourceTree = "<group>";
		};
		6FB13E08085E6230CF2E78C0 /* Products */ = {
			isa = PBXGroup;
			children = (
				784243AA1B71FCA929412DF5 /* DSAgame.app */,
			);
			name = Products;
			sourceTree = "<group>";
		};
		74BD838151C2C575457ACDE2 /* Preview Content */ = {
			isa = PBXGroup;
			children = (
				9745136C129AD6FD27A1CCB6 /* Preview Assets.xcassets */,
			);
			path = "Preview Content";
			sourceTree = "<group>";
		};
		D36E7EA87B0F704263060914 = {
			isa = PBXGroup;
			children = (
				D68B5C65758780561B25929C /* DSAgame */,
				6FB13E08085E6230CF2E78C0 /* Products */,
			);
			sourceTree = "<group>";
		};
		D68B5C65758780561B25929C /* DSAgame */ = {
			isa = PBXGroup;
			children = (
				C2146F0980C7057C3F6A9D42 /* Assets.xcassets */,
				257A165A598AFFA2D57D3FDB /* ContentView.swift */,
				49CB2842E3F8DFDFE09C29AE /* DSAgameApp.swift */,
				F35EB888349D77B86712E33A /* Info.plist */,
				EEABAD2EDCEAAB47D9B6FA33 /* Models */,
				74BD838151C2C575457ACDE2 /* Preview Content */,
				E8E2B47C30F1D4727B247280 /* Resources */,
				4B6E90C529C3F0E6CA7CACDB /* Views */,
			);
			path = DSAgame;
			sourceTree = "<group>";
		};
		E8E2B47C30F1D4727B247280 /* Resources */ = {
			isa = PBXGroup;
			children = (
				205823DB7D12711143EBA2AE /* levels.json */,
			);
			path = Resources;
			sourceTree = "<group>";
		};
		EEABAD2EDCEAAB47D9B6FA33 /* Models */ = {
			isa = PBXGroup;
			children = (
				F393FC6C2408C0A109BBFFC1 /* CodeVisualization.swift */,
				6588C6A2FA85C57E182CC931 /* DataStructureCell.swift */,
				04A1B432733E5A6F722AEC38 /* DataStructureConnection.swift */,
				20D3529BFA77BB99EAEFF27D /* DataStructureLayout.swift */,
				CDD917C12E442A0B0A48BD6D /* DSAGame.xcdatamodeld */,
				FF8C0B43B5FEA91A92A79830 /* GameProgressionManager.swift */,
				B4705BC152C2EE6DBB054CFF /* LevelData.swift */,
				610D09BE7F8D048B1991A1B8 /* Persistence.swift */,
				E94C9F12C9A730D177B5071D /* VisualizationManager.swift */,
				DC5634AD12888DDEA478554E /* VisualizationQuestion.swift */,
			);
			path = Models;
			sourceTree = "<group>";
		};
/* End PBXGroup section */

/* Begin PBXNativeTarget section */
		872B8F1FB68E39D981ED37DE /* DSAgame */ = {
			isa = PBXNativeTarget;
			buildConfigurationList = 9E9B57D8A035E797510F03A0 /* Build configuration list for PBXNativeTarget "DSAgame" */;
			buildPhases = (
				B3D7E86446366E29BC980A62 /* Sources */,
				A3930F2BD4F44B6F589F8665 /* Resources */,
			);
			buildRules = (
			);
			dependencies = (
			);
			name = DSAgame;
			productName = DSAgame;
			productReference = 784243AA1B71FCA929412DF5 /* DSAgame.app */;
			productType = "com.apple.product-type.application";
		};
/* End PBXNativeTarget section */

/* Begin PBXProject section */
		5B9C3824DC198150BB326AD1 /* Project object */ = {
			isa = PBXProject;
			attributes = {
				BuildIndependentTargetsInParallel = YES;
				LastUpgradeCheck = 1430;
				TargetAttributes = {
				};
			};
			buildConfigurationList = 65291BC46E0657D442E019F9 /* Build configuration list for PBXProject "DSAgame" */;
			compatibilityVersion = "Xcode 14.0";
			developmentRegion = en;
			hasScannedForEncodings = 0;
			knownRegions = (
				Base,
				en,
			);
			mainGroup = D36E7EA87B0F704263060914;
			projectDirPath = "";
			projectRoot = "";
			targets = (
				872B8F1FB68E39D981ED37DE /* DSAgame */,
			);
		};
/* End PBXProject section */

/* Begin PBXResourcesBuildPhase section */
		A3930F2BD4F44B6F589F8665 /* Resources */ = {
			isa = PBXResourcesBuildPhase;
			buildActionMask = 2147483647;
			files = (
				376567F9E0BE9864566D692A /* Assets.xcassets in Resources */,
				B15E0F6AE1D9FCFC406A254D /* Preview Assets.xcassets in Resources */,
				86B1D36C655882E2A7508E28 /* levels.json in Resources */,
			);
			runOnlyForDeploymentPostprocessing = 0;
		};
/* End PBXResourcesBuildPhase section */

/* Begin PBXSourcesBuildPhase section */
		B3D7E86446366E29BC980A62 /* Sources */ = {
			isa = PBXSourcesBuildPhase;
			buildActionMask = 2147483647;
			files = (
				CEC1F6CE656F39CDD46847ED /* CodeVisualization.swift in Sources */,
				8A90F04D9D642B3C8606FAEE /* ContentView.swift in Sources */,
				B540F3C6E94F631FB6B2C606 /* DSAGame.xcdatamodeld in Sources */,
				FEC6D4C7E70E7023F889FB25 /* DSAgameApp.swift in Sources */,
				286D6A96645E4DF4C17666DF /* DataStructureCell.swift in Sources */,
				A44380C3ED5D12332288D555 /* DataStructureConnection.swift in Sources */,
				72EC2FDE3B48CF7654E47610 /* DataStructureLayout.swift in Sources */,
				53F07FBE8D2C85BF67CBADC9 /* DataStructureView.swift in Sources */,
				489B066DC88B0A4F8CD85C97 /* GameProgressionManager.swift in Sources */,
				9E87676D08A9CBD7A0E0F2EE /* LevelData.swift in Sources */,
				CBEFE0EB51BBEEBA37DF3ADC /* LevelDetailView.swift in Sources */,
				A2C1C8E442CAA381B831B86A /* Persistence.swift in Sources */,
				415107C221BB120844AE1EC1 /* VisualizationManager.swift in Sources */,
				A7594A144A5C6BF2B8C0142C /* VisualizationQuestion.swift in Sources */,
			);
			runOnlyForDeploymentPostprocessing = 0;
		};
/* End PBXSourcesBuildPhase section */

/* Begin XCBuildConfiguration section */
		269BF207CAD947EE696E5113 /* Debug */ = {
			isa = XCBuildConfiguration;
			buildSettings = {
				ASSETCATALOG_COMPILER_APPICON_NAME = AppIcon;
				CODE_SIGN_IDENTITY = "iPhone Developer";
				INFOPLIST_FILE = DSAgame/Info.plist;
				LD_RUNPATH_SEARCH_PATHS = (
					"$(inherited)",
					"@executable_path/Frameworks",
				);
				PRODUCT_BUNDLE_IDENTIFIER = moji.education.DSAgame;
				SDKROOT = iphoneos;
				TARGETED_DEVICE_FAMILY = "1,2";
			};
			name = Debug;
		};
		2BB463D2F757997EFD9DFFE5 /* Debug */ = {
			isa = XCBuildConfiguration;
			buildSettings = {
				ALWAYS_SEARCH_USER_PATHS = NO;
				CLANG_ANALYZER_NONNULL = YES;
				CLANG_ANALYZER_NUMBER_OBJECT_CONVERSION = YES_AGGRESSIVE;
				CLANG_CXX_LANGUAGE_STANDARD = "gnu++14";
				CLANG_CXX_LIBRARY = "libc++";
				CLANG_ENABLE_MODULES = YES;
				CLANG_ENABLE_OBJC_ARC = YES;
				CLANG_ENABLE_OBJC_WEAK = YES;
				CLANG_WARN_BLOCK_CAPTURE_AUTORELEASING = YES;
				CLANG_WARN_BOOL_CONVERSION = YES;
				CLANG_WARN_COMMA = YES;
				CLANG_WARN_CONSTANT_CONVERSION = YES;
				CLANG_WARN_DEPRECATED_OBJC_IMPLEMENTATIONS = YES;
				CLANG_WARN_DIRECT_OBJC_ISA_USAGE = YES_ERROR;
				CLANG_WARN_DOCUMENTATION_COMMENTS = YES;
				CLANG_WARN_EMPTY_BODY = YES;
				CLANG_WARN_ENUM_CONVERSION = YES;
				CLANG_WARN_INFINITE_RECURSION = YES;
				CLANG_WARN_INT_CONVERSION = YES;
				CLANG_WARN_NON_LITERAL_NULL_CONVERSION = YES;
				CLANG_WARN_OBJC_IMPLICIT_RETAIN_SELF = YES;
				CLANG_WARN_OBJC_LITERAL_CONVERSION = YES;
				CLANG_WARN_OBJC_ROOT_CLASS = YES_ERROR;
				CLANG_WARN_QUOTED_INCLUDE_IN_FRAMEWORK_HEADER = YES;
				CLANG_WARN_RANGE_LOOP_ANALYSIS = YES;
				CLANG_WARN_STRICT_PROTOTYPES = YES;
				CLANG_WARN_SUSPICIOUS_MOVE = YES;
				CLANG_WARN_UNGUARDED_AVAILABILITY = YES_AGGRESSIVE;
				CLANG_WARN_UNREACHABLE_CODE = YES;
				CLANG_WARN__DUPLICATE_METHOD_MATCH = YES;
				COPY_PHASE_STRIP = NO;
				DEBUG_INFORMATION_FORMAT = dwarf;
				ENABLE_STRICT_OBJC_MSGSEND = YES;
				ENABLE_TESTABILITY = YES;
				GCC_C_LANGUAGE_STANDARD = gnu11;
				GCC_DYNAMIC_NO_PIC = NO;
				GCC_NO_COMMON_BLOCKS = YES;
				GCC_OPTIMIZATION_LEVEL = 0;
				GCC_PREPROCESSOR_DEFINITIONS = (
					"$(inherited)",
					"DEBUG=1",
				);
				GCC_WARN_64_TO_32_BIT_CONVERSION = YES;
				GCC_WARN_ABOUT_RETURN_TYPE = YES_ERROR;
				GCC_WARN_UNDECLARED_SELECTOR = YES;
				GCC_WARN_UNINITIALIZED_AUTOS = YES_AGGRESSIVE;
				GCC_WARN_UNUSED_FUNCTION = YES;
				GCC_WARN_UNUSED_VARIABLE = YES;
				IPHONEOS_DEPLOYMENT_TARGET = 17.0;
				MTL_ENABLE_DEBUG_INFO = INCLUDE_SOURCE;
				MTL_FAST_MATH = YES;
				ONLY_ACTIVE_ARCH = YES;
				PRODUCT_NAME = "$(TARGET_NAME)";
				SDKROOT = iphoneos;
				SWIFT_ACTIVE_COMPILATION_CONDITIONS = DEBUG;
				SWIFT_OPTIMIZATION_LEVEL = "-Onone";
				SWIFT_VERSION = 5.0;
			};
			name = Debug;
		};
		AF2730B7398F12E7F975786C /* Release */ = {
			isa = XCBuildConfiguration;
			buildSettings = {
				ASSETCATALOG_COMPILER_APPICON_NAME = AppIcon;
				CODE_SIGN_IDENTITY = "iPhone Developer";
				INFOPLIST_FILE = DSAgame/Info.plist;
				LD_RUNPATH_SEARCH_PATHS = (
					"$(inherited)",
					"@executable_path/Frameworks",
				);
				PRODUCT_BUNDLE_IDENTIFIER = moji.education.DSAgame;
				SDKROOT = iphoneos;
				TARGETED_DEVICE_FAMILY = "1,2";
			};
			name = Release;
		};
		E42170B87C641D9A62A3243B /* Release */ = {
			isa = XCBuildConfiguration;
			buildSettings = {
				ALWAYS_SEARCH_USER_PATHS = NO;
				CLANG_ANALYZER_NONNULL = YES;
				CLANG_ANALYZER_NUMBER_OBJECT_CONVERSION = YES_AGGRESSIVE;
				CLANG_CXX_LANGUAGE_STANDARD = "gnu++14";
				CLANG_CXX_LIBRARY = "libc++";
				CLANG_ENABLE_MODULES = YES;
				CLANG_ENABLE_OBJC_ARC = YES;
				CLANG_ENABLE_OBJC_WEAK = YES;
				CLANG_WARN_BLOCK_CAPTURE_AUTORELEASING = YES;
				CLANG_WARN_BOOL_CONVERSION = YES;
				CLANG_WARN_COMMA = YES;
				CLANG_WARN_CONSTANT_CONVERSION = YES;
				CLANG_WARN_DEPRECATED_OBJC_IMPLEMENTATIONS = YES;
				CLANG_WARN_DIRECT_OBJC_ISA_USAGE = YES_ERROR;
				CLANG_WARN_DOCUMENTATION_COMMENTS = YES;
				CLANG_WARN_EMPTY_BODY = YES;
				CLANG_WARN_ENUM_CONVERSION = YES;
				CLANG_WARN_INFINITE_RECURSION = YES;
				CLANG_WARN_INT_CONVERSION = YES;
				CLANG_WARN_NON_LITERAL_NULL_CONVERSION = YES;
				CLANG_WARN_OBJC_IMPLICIT_RETAIN_SELF = YES;
				CLANG_WARN_OBJC_LITERAL_CONVERSION = YES;
				CLANG_WARN_OBJC_ROOT_CLASS = YES_ERROR;
				CLANG_WARN_QUOTED_INCLUDE_IN_FRAMEWORK_HEADER = YES;
				CLANG_WARN_RANGE_LOOP_ANALYSIS = YES;
				CLANG_WARN_STRICT_PROTOTYPES = YES;
				CLANG_WARN_SUSPICIOUS_MOVE = YES;
				CLANG_WARN_UNGUARDED_AVAILABILITY = YES_AGGRESSIVE;
				CLANG_WARN_UNREACHABLE_CODE = YES;
				CLANG_WARN__DUPLICATE_METHOD_MATCH = YES;
				COPY_PHASE_STRIP = NO;
				DEBUG_INFORMATION_FORMAT = "dwarf-with-dsym";
				ENABLE_NS_ASSERTIONS = NO;
				ENABLE_STRICT_OBJC_MSGSEND = YES;
				GCC_C_LANGUAGE_STANDARD = gnu11;
				GCC_NO_COMMON_BLOCKS = YES;
				GCC_WARN_64_TO_32_BIT_CONVERSION = YES;
				GCC_WARN_ABOUT_RETURN_TYPE = YES_ERROR;
				GCC_WARN_UNDECLARED_SELECTOR = YES;
				GCC_WARN_UNINITIALIZED_AUTOS = YES_AGGRESSIVE;
				GCC_WARN_UNUSED_FUNCTION = YES;
				GCC_WARN_UNUSED_VARIABLE = YES;
				IPHONEOS_DEPLOYMENT_TARGET = 17.0;
				MTL_ENABLE_DEBUG_INFO = NO;
				MTL_FAST_MATH = YES;
				PRODUCT_NAME = "$(TARGET_NAME)";
				SDKROOT = iphoneos;
				SWIFT_COMPILATION_MODE = wholemodule;
				SWIFT_OPTIMIZATION_LEVEL = "-O";
				SWIFT_VERSION = 5.0;
			};
			name = Release;
		};
/* End XCBuildConfiguration section */

/* Begin XCConfigurationList section */
		65291BC46E0657D442E019F9 /* Build configuration list for PBXProject "DSAgame" */ = {
			isa = XCConfigurationList;
			buildConfigurations = (
				2BB463D2F757997EFD9DFFE5 /* Debug */,
				E42170B87C641D9A62A3243B /* Release */,
			);
			defaultConfigurationIsVisible = 0;
			defaultConfigurationName = Debug;
		};
		9E9B57D8A035E797510F03A0 /* Build configuration list for PBXNativeTarget "DSAgame" */ = {
			isa = XCConfigurationList;
			buildConfigurations = (
				269BF207CAD947EE696E5113 /* Debug */,
				AF2730B7398F12E7F975786C /* Release */,
			);
			defaultConfigurationIsVisible = 0;
			defaultConfigurationName = Debug;
		};
/* End XCConfigurationList section */

/* Begin XCVersionGroup section */
		CDD917C12E442A0B0A48BD6D /* DSAGame.xcdatamodeld */ = {
			isa = XCVersionGroup;
			children = (
				1CE62A769532B6EBE9D8FFA4 /* DSAGame.xcdatamodel */,
			);
			currentVersion = 1CE62A769532B6EBE9D8FFA4 /* DSAGame.xcdatamodel */;
			path = DSAGame.xcdatamodeld;
			sourceTree = "<group>";
			versionGroupType = wrapper.xcdatamodel;
		};
/* End XCVersionGroup section */
	};
	rootObject = 5B9C3824DC198150BB326AD1 /* Project object */;
}
